// !$*UTF8*$!
{
	archiveVersion = 1;
	classes = {
	};
	objectVersion = 50;
	objects = {

/* Begin PBXBuildFile section */
		1B0A04B02657BAFC0018B248 /* NetworkCheck.swift in Sources */ = {isa = PBXBuildFile; fileRef = 1B0A04AF2657BAFC0018B248 /* NetworkCheck.swift */; };
		1B9828C9264E87C2008CD85D /* Constants.swift in Sources */ = {isa = PBXBuildFile; fileRef = 1B9828C8264E87C2008CD85D /* Constants.swift */; };
		1B9828D1264E9905008CD85D /* WeatherDataModel.swift in Sources */ = {isa = PBXBuildFile; fileRef = 1B9828D0264E9905008CD85D /* WeatherDataModel.swift */; };
		1B9828D4264E9C2D008CD85D /* WeatherModel.swift in Sources */ = {isa = PBXBuildFile; fileRef = 1B9828D3264E9C2D008CD85D /* WeatherModel.swift */; };
		1B9828D7264EB6FA008CD85D /* ForecastTableViewController.swift in Sources */ = {isa = PBXBuildFile; fileRef = 1B9828D6264EB6FA008CD85D /* ForecastTableViewController.swift */; };
		1B9828DA264EB850008CD85D /* ForecastPresenter.swift in Sources */ = {isa = PBXBuildFile; fileRef = 1B9828D9264EB850008CD85D /* ForecastPresenter.swift */; };
		1BCA20F62653D01B00320169 /* TableViewDataSourceManager.swift in Sources */ = {isa = PBXBuildFile; fileRef = 1BCA20F52653D01B00320169 /* TableViewDataSourceManager.swift */; };
		1BCA37E92652CFFA000A2A83 /* ForecastService.swift in Sources */ = {isa = PBXBuildFile; fileRef = 1BCA37E82652CFFA000A2A83 /* ForecastService.swift */; };
		1BCBCEC9265150BF00529D73 /* ForecastTableViewCell.swift in Sources */ = {isa = PBXBuildFile; fileRef = 1BCBCEC7265150BF00529D73 /* ForecastTableViewCell.swift */; };
		1BCBCECA265150BF00529D73 /* ForecastTableViewCell.xib in Resources */ = {isa = PBXBuildFile; fileRef = 1BCBCEC8265150BF00529D73 /* ForecastTableViewCell.xib */; };
		1BD23524264E81B50036EE63 /* AppDelegate.swift in Sources */ = {isa = PBXBuildFile; fileRef = 1BD23523264E81B50036EE63 /* AppDelegate.swift */; };
		1BD23526264E81B50036EE63 /* SceneDelegate.swift in Sources */ = {isa = PBXBuildFile; fileRef = 1BD23525264E81B50036EE63 /* SceneDelegate.swift */; };
		1BD23528264E81B50036EE63 /* CurrentWeatherConditionsViewController.swift in Sources */ = {isa = PBXBuildFile; fileRef = 1BD23527264E81B50036EE63 /* CurrentWeatherConditionsViewController.swift */; };
		1BD2352B264E81B50036EE63 /* Main.storyboard in Resources */ = {isa = PBXBuildFile; fileRef = 1BD23529264E81B50036EE63 /* Main.storyboard */; };
		1BD2352D264E81B60036EE63 /* Assets.xcassets in Resources */ = {isa = PBXBuildFile; fileRef = 1BD2352C264E81B60036EE63 /* Assets.xcassets */; };
		1BD23530264E81B60036EE63 /* LaunchScreen.storyboard in Resources */ = {isa = PBXBuildFile; fileRef = 1BD2352E264E81B60036EE63 /* LaunchScreen.storyboard */; };
		1BD742C5265526D500B4E02A /* ForecastByDate.swift in Sources */ = {isa = PBXBuildFile; fileRef = 1BD742C4265526D500B4E02A /* ForecastByDate.swift */; };
/* End PBXBuildFile section */

/* Begin PBXFileReference section */
		1B0A04AF2657BAFC0018B248 /* NetworkCheck.swift */ = {isa = PBXFileReference; lastKnownFileType = sourcecode.swift; path = NetworkCheck.swift; sourceTree = "<group>"; };
		1B9828C8264E87C2008CD85D /* Constants.swift */ = {isa = PBXFileReference; lastKnownFileType = sourcecode.swift; path = Constants.swift; sourceTree = "<group>"; };
		1B9828D0264E9905008CD85D /* WeatherDataModel.swift */ = {isa = PBXFileReference; lastKnownFileType = sourcecode.swift; path = WeatherDataModel.swift; sourceTree = "<group>"; };
		1B9828D3264E9C2D008CD85D /* WeatherModel.swift */ = {isa = PBXFileReference; lastKnownFileType = sourcecode.swift; path = WeatherModel.swift; sourceTree = "<group>"; };
		1B9828D6264EB6FA008CD85D /* ForecastTableViewController.swift */ = {isa = PBXFileReference; lastKnownFileType = sourcecode.swift; path = ForecastTableViewController.swift; sourceTree = "<group>"; };
		1B9828D9264EB850008CD85D /* ForecastPresenter.swift */ = {isa = PBXFileReference; lastKnownFileType = sourcecode.swift; path = ForecastPresenter.swift; sourceTree = "<group>"; };
		1BCA20F52653D01B00320169 /* TableViewDataSourceManager.swift */ = {isa = PBXFileReference; lastKnownFileType = sourcecode.swift; path = TableViewDataSourceManager.swift; sourceTree = "<group>"; };
		1BCA37E82652CFFA000A2A83 /* ForecastService.swift */ = {isa = PBXFileReference; lastKnownFileType = sourcecode.swift; path = ForecastService.swift; sourceTree = "<group>"; };
		1BCBCEC7265150BF00529D73 /* ForecastTableViewCell.swift */ = {isa = PBXFileReference; lastKnownFileType = sourcecode.swift; path = ForecastTableViewCell.swift; sourceTree = "<group>"; };
		1BCBCEC8265150BF00529D73 /* ForecastTableViewCell.xib */ = {isa = PBXFileReference; lastKnownFileType = file.xib; path = ForecastTableViewCell.xib; sourceTree = "<group>"; };
		1BD23520264E81B50036EE63 /* WeatherBroadcaster.app */ = {isa = PBXFileReference; explicitFileType = wrapper.application; includeInIndex = 0; path = WeatherBroadcaster.app; sourceTree = BUILT_PRODUCTS_DIR; };
		1BD23523264E81B50036EE63 /* AppDelegate.swift */ = {isa = PBXFileReference; lastKnownFileType = sourcecode.swift; path = AppDelegate.swift; sourceTree = "<group>"; };
		1BD23525264E81B50036EE63 /* SceneDelegate.swift */ = {isa = PBXFileReference; lastKnownFileType = sourcecode.swift; path = SceneDelegate.swift; sourceTree = "<group>"; };
		1BD23527264E81B50036EE63 /* CurrentWeatherConditionsViewController.swift */ = {isa = PBXFileReference; lastKnownFileType = sourcecode.swift; path = CurrentWeatherConditionsViewController.swift; sourceTree = "<group>"; };
		1BD2352A264E81B50036EE63 /* Base */ = {isa = PBXFileReference; lastKnownFileType = file.storyboard; name = Base; path = Base.lproj/Main.storyboard; sourceTree = "<group>"; };
		1BD2352C264E81B60036EE63 /* Assets.xcassets */ = {isa = PBXFileReference; lastKnownFileType = folder.assetcatalog; path = Assets.xcassets; sourceTree = "<group>"; };
		1BD2352F264E81B60036EE63 /* Base */ = {isa = PBXFileReference; lastKnownFileType = file.storyboard; name = Base; path = Base.lproj/LaunchScreen.storyboard; sourceTree = "<group>"; };
		1BD23531264E81B60036EE63 /* Info.plist */ = {isa = PBXFileReference; lastKnownFileType = text.plist.xml; path = Info.plist; sourceTree = "<group>"; };
		1BD742C4265526D500B4E02A /* ForecastByDate.swift */ = {isa = PBXFileReference; lastKnownFileType = sourcecode.swift; path = ForecastByDate.swift; sourceTree = "<group>"; };
/* End PBXFileReference section */

/* Begin PBXFrameworksBuildPhase section */
		1BD2351D264E81B50036EE63 /* Frameworks */ = {
			isa = PBXFrameworksBuildPhase;
			buildActionMask = 2147483647;
			files = (
			);
			runOnlyForDeploymentPostprocessing = 0;
		};
/* End PBXFrameworksBuildPhase section */

/* Begin PBXGroup section */
		1B9828CC264E92CF008CD85D /* Model */ = {
			isa = PBXGroup;
			children = (
				1B9828D0264E9905008CD85D /* WeatherDataModel.swift */,
				1B9828D3264E9C2D008CD85D /* WeatherModel.swift */,
				1BD742C4265526D500B4E02A /* ForecastByDate.swift */,
			);
			path = Model;
			sourceTree = "<group>";
		};
		1B9828CD264E92D8008CD85D /* View */ = {
			isa = PBXGroup;
			children = (
				1BD23527264E81B50036EE63 /* CurrentWeatherConditionsViewController.swift */,
				1B9828D6264EB6FA008CD85D /* ForecastTableViewController.swift */,
				1BCBCEC7265150BF00529D73 /* ForecastTableViewCell.swift */,
				1BCBCEC8265150BF00529D73 /* ForecastTableViewCell.xib */,
			);
			path = View;
			sourceTree = "<group>";
		};
		1B9828CE264E92E0008CD85D /* Presenter */ = {
			isa = PBXGroup;
			children = (
				1B9828D9264EB850008CD85D /* ForecastPresenter.swift */,
			);
			path = Presenter;
			sourceTree = "<group>";
		};
		1BCA37E72652CFC3000A2A83 /* Service */ = {
			isa = PBXGroup;
			children = (
				1BCA37E82652CFFA000A2A83 /* ForecastService.swift */,
				1BCA20F52653D01B00320169 /* TableViewDataSourceManager.swift */,
				1B0A04AF2657BAFC0018B248 /* NetworkCheck.swift */,
			);
			path = Service;
			sourceTree = "<group>";
		};
		1BD23517264E81B50036EE63 = {
			isa = PBXGroup;
			children = (
				1BD23522264E81B50036EE63 /* WeatherBroadcaster */,
				1BD23521264E81B50036EE63 /* Products */,
			);
			sourceTree = "<group>";
		};
		1BD23521264E81B50036EE63 /* Products */ = {
			isa = PBXGroup;
			children = (
				1BD23520264E81B50036EE63 /* WeatherBroadcaster.app */,
			);
			name = Products;
			sourceTree = "<group>";
		};
		1BD23522264E81B50036EE63 /* WeatherBroadcaster */ = {
			isa = PBXGroup;
			children = (
				1BCA37E72652CFC3000A2A83 /* Service */,
				1B9828CE264E92E0008CD85D /* Presenter */,
				1B9828CD264E92D8008CD85D /* View */,
				1B9828CC264E92CF008CD85D /* Model */,
				1BD23529264E81B50036EE63 /* Main.storyboard */,
				1BD23538264E83CB0036EE63 /* Supporting Files */,
				1BD23531264E81B60036EE63 /* Info.plist */,
			);
			path = WeatherBroadcaster;
			sourceTree = "<group>";
		};
		1BD23538264E83CB0036EE63 /* Supporting Files */ = {
			isa = PBXGroup;
			children = (
				1BD23523264E81B50036EE63 /* AppDelegate.swift */,
				1BD23525264E81B50036EE63 /* SceneDelegate.swift */,
				1B9828C8264E87C2008CD85D /* Constants.swift */,
				1BD2352C264E81B60036EE63 /* Assets.xcassets */,
				1BD2352E264E81B60036EE63 /* LaunchScreen.storyboard */,
			);
			path = "Supporting Files";
			sourceTree = "<group>";
		};
/* End PBXGroup section */

/* Begin PBXNativeTarget section */
		1BD2351F264E81B50036EE63 /* WeatherBroadcaster */ = {
			isa = PBXNativeTarget;
			buildConfigurationList = 1BD23534264E81B60036EE63 /* Build configuration list for PBXNativeTarget "WeatherBroadcaster" */;
			buildPhases = (
				1BD2351C264E81B50036EE63 /* Sources */,
				1BD2351D264E81B50036EE63 /* Frameworks */,
				1BD2351E264E81B50036EE63 /* Resources */,
			);
			buildRules = (
			);
			dependencies = (
			);
			name = WeatherBroadcaster;
			productName = WeatherBroadcaster;
			productReference = 1BD23520264E81B50036EE63 /* WeatherBroadcaster.app */;
			productType = "com.apple.product-type.application";
		};
/* End PBXNativeTarget section */

/* Begin PBXProject section */
		1BD23518264E81B50036EE63 /* Project object */ = {
			isa = PBXProject;
			attributes = {
				LastSwiftUpdateCheck = 1240;
				LastUpgradeCheck = 1240;
				TargetAttributes = {
					1BD2351F264E81B50036EE63 = {
						CreatedOnToolsVersion = 12.4;
					};
				};
			};
			buildConfigurationList = 1BD2351B264E81B50036EE63 /* Build configuration list for PBXProject "WeatherBroadcaster" */;
			compatibilityVersion = "Xcode 9.3";
			developmentRegion = en;
			hasScannedForEncodings = 0;
			knownRegions = (
				en,
				Base,
			);
			mainGroup = 1BD23517264E81B50036EE63;
			productRefGroup = 1BD23521264E81B50036EE63 /* Products */;
			projectDirPath = "";
			projectRoot = "";
			targets = (
				1BD2351F264E81B50036EE63 /* WeatherBroadcaster */,
			);
		};
/* End PBXProject section */

/* Begin PBXResourcesBuildPhase section */
		1BD2351E264E81B50036EE63 /* Resources */ = {
			isa = PBXResourcesBuildPhase;
			buildActionMask = 2147483647;
			files = (
				1BCBCECA265150BF00529D73 /* ForecastTableViewCell.xib in Resources */,
				1BD23530264E81B60036EE63 /* LaunchScreen.storyboard in Resources */,
				1BD2352D264E81B60036EE63 /* Assets.xcassets in Resources */,
				1BD2352B264E81B50036EE63 /* Main.storyboard in Resources */,
			);
			runOnlyForDeploymentPostprocessing = 0;
		};
/* End PBXResourcesBuildPhase section */

/* Begin PBXSourcesBuildPhase section */
		1BD2351C264E81B50036EE63 /* Sources */ = {
			isa = PBXSourcesBuildPhase;
			buildActionMask = 2147483647;
			files = (
				1BD23528264E81B50036EE63 /* CurrentWeatherConditionsViewController.swift in Sources */,
				1B9828DA264EB850008CD85D /* ForecastPresenter.swift in Sources */,
				1B9828D7264EB6FA008CD85D /* ForecastTableViewController.swift in Sources */,
				1BD742C5265526D500B4E02A /* ForecastByDate.swift in Sources */,
				1B9828D1264E9905008CD85D /* WeatherDataModel.swift in Sources */,
				1BD23524264E81B50036EE63 /* AppDelegate.swift in Sources */,
				1BD23526264E81B50036EE63 /* SceneDelegate.swift in Sources */,
				1BCBCEC9265150BF00529D73 /* ForecastTableViewCell.swift in Sources */,
				1B0A04B02657BAFC0018B248 /* NetworkCheck.swift in Sources */,
				1BCA20F62653D01B00320169 /* TableViewDataSourceManager.swift in Sources */,
				1B9828D4264E9C2D008CD85D /* WeatherModel.swift in Sources */,
				1BCA37E92652CFFA000A2A83 /* ForecastService.swift in Sources */,
				1B9828C9264E87C2008CD85D /* Constants.swift in Sources */,
			);
			runOnlyForDeploymentPostprocessing = 0;
		};
/* End PBXSourcesBuildPhase section */

/* Begin PBXVariantGroup section */
		1BD23529264E81B50036EE63 /* Main.storyboard */ = {
			isa = PBXVariantGroup;
			children = (
				1BD2352A264E81B50036EE63 /* Base */,
			);
			name = Main.storyboard;
			sourceTree = "<group>";
		};
		1BD2352E264E81B60036EE63 /* LaunchScreen.storyboard */ = {
			isa = PBXVariantGroup;
			children = (
				1BD2352F264E81B60036EE63 /* Base */,
			);
			name = LaunchScreen.storyboard;
			sourceTree = "<group>";
		};
/* End PBXVariantGroup section */

/* Begin XCBuildConfiguration section */
		1BD23532264E81B60036EE63 /* Debug */ = {
			isa = XCBuildConfiguration;
			buildSettings = {
				ALWAYS_SEARCH_USER_PATHS = NO;
				CLANG_ANALYZER_NONNULL = YES;
				CLANG_ANALYZER_NUMBER_OBJECT_CONVERSION = YES_AGGRESSIVE;
				CLANG_CXX_LANGUAGE_STANDARD = "gnu++14";
				CLANG_CXX_LIBRARY = "libc++";
				CLANG_ENABLE_MODULES = YES;
				CLANG_ENABLE_OBJC_ARC = YES;
				CLANG_ENABLE_OBJC_WEAK = YES;
				CLANG_WARN_BLOCK_CAPTURE_AUTORELEASING = YES;
				CLANG_WARN_BOOL_CONVERSION = YES;
				CLANG_WARN_COMMA = YES;
				CLANG_WARN_CONSTANT_CONVERSION = YES;
				CLANG_WARN_DEPRECATED_OBJC_IMPLEMENTATIONS = YES;
				CLANG_WARN_DIRECT_OBJC_ISA_USAGE = YES_ERROR;
				CLANG_WARN_DOCUMENTATION_COMMENTS = YES;
				CLANG_WARN_EMPTY_BODY = YES;
				CLANG_WARN_ENUM_CONVERSION = YES;
				CLANG_WARN_INFINITE_RECURSION = YES;
				CLANG_WARN_INT_CONVERSION = YES;
				CLANG_WARN_NON_LITERAL_NULL_CONVERSION = YES;
				CLANG_WARN_OBJC_IMPLICIT_RETAIN_SELF = YES;
				CLANG_WARN_OBJC_LITERAL_CONVERSION = YES;
				CLANG_WARN_OBJC_ROOT_CLASS = YES_ERROR;
				CLANG_WARN_QUOTED_INCLUDE_IN_FRAMEWORK_HEADER = YES;
				CLANG_WARN_RANGE_LOOP_ANALYSIS = YES;
				CLANG_WARN_STRICT_PROTOTYPES = YES;
				CLANG_WARN_SUSPICIOUS_MOVE = YES;
				CLANG_WARN_UNGUARDED_AVAILABILITY = YES_AGGRESSIVE;
				CLANG_WARN_UNREACHABLE_CODE = YES;
				CLANG_WARN__DUPLICATE_METHOD_MATCH = YES;
				COPY_PHASE_STRIP = NO;
				DEBUG_INFORMATION_FORMAT = dwarf;
				ENABLE_STRICT_OBJC_MSGSEND = YES;
				ENABLE_TESTABILITY = YES;
				GCC_C_LANGUAGE_STANDARD = gnu11;
				GCC_DYNAMIC_NO_PIC = NO;
				GCC_NO_COMMON_BLOCKS = YES;
				GCC_OPTIMIZATION_LEVEL = 0;
				GCC_PREPROCESSOR_DEFINITIONS = (
					"DEBUG=1",
					"$(inherited)",
				);
				GCC_WARN_64_TO_32_BIT_CONVERSION = YES;
				GCC_WARN_ABOUT_RETURN_TYPE = YES_ERROR;
				GCC_WARN_UNDECLARED_SELECTOR = YES;
				GCC_WARN_UNINITIALIZED_AUTOS = YES_AGGRESSIVE;
				GCC_WARN_UNUSED_FUNCTION = YES;
				GCC_WARN_UNUSED_VARIABLE = YES;
				IPHONEOS_DEPLOYMENT_TARGET = 14.4;
				MTL_ENABLE_DEBUG_INFO = INCLUDE_SOURCE;
				MTL_FAST_MATH = YES;
				ONLY_ACTIVE_ARCH = YES;
				SDKROOT = iphoneos;
				SWIFT_ACTIVE_COMPILATION_CONDITIONS = DEBUG;
				SWIFT_OPTIMIZATION_LEVEL = "-Onone";
			};
			name = Debug;
		};
		1BD23533264E81B60036EE63 /* Release */ = {
			isa = XCBuildConfiguration;
			buildSettings = {
				ALWAYS_SEARCH_USER_PATHS = NO;
				CLANG_ANALYZER_NONNULL = YES;
				CLANG_ANALYZER_NUMBER_OBJECT_CONVERSION = YES_AGGRESSIVE;
				CLANG_CXX_LANGUAGE_STANDARD = "gnu++14";
				CLANG_CXX_LIBRARY = "libc++";
				CLANG_ENABLE_MODULES = YES;
				CLANG_ENABLE_OBJC_ARC = YES;
				CLANG_ENABLE_OBJC_WEAK = YES;
				CLANG_WARN_BLOCK_CAPTURE_AUTORELEASING = YES;
				CLANG_WARN_BOOL_CONVERSION = YES;
				CLANG_WARN_COMMA = YES;
				CLANG_WARN_CONSTANT_CONVERSION = YES;
				CLANG_WARN_DEPRECATED_OBJC_IMPLEMENTATIONS = YES;
				CLANG_WARN_DIRECT_OBJC_ISA_USAGE = YES_ERROR;
				CLANG_WARN_DOCUMENTATION_COMMENTS = YES;
				CLANG_WARN_EMPTY_BODY = YES;
				CLANG_WARN_ENUM_CONVERSION = YES;
				CLANG_WARN_INFINITE_RECURSION = YES;
				CLANG_WARN_INT_CONVERSION = YES;
				CLANG_WARN_NON_LITERAL_NULL_CONVERSION = YES;
				CLANG_WARN_OBJC_IMPLICIT_RETAIN_SELF = YES;
				CLANG_WARN_OBJC_LITERAL_CONVERSION = YES;
				CLANG_WARN_OBJC_ROOT_CLASS = YES_ERROR;
				CLANG_WARN_QUOTED_INCLUDE_IN_FRAMEWORK_HEADER = YES;
				CLANG_WARN_RANGE_LOOP_ANALYSIS = YES;
				CLANG_WARN_STRICT_PROTOTYPES = YES;
				CLANG_WARN_SUSPICIOUS_MOVE = YES;
				CLANG_WARN_UNGUARDED_AVAILABILITY = YES_AGGRESSIVE;
				CLANG_WARN_UNREACHABLE_CODE = YES;
				CLANG_WARN__DUPLICATE_METHOD_MATCH = YES;
				COPY_PHASE_STRIP = NO;
				DEBUG_INFORMATION_FORMAT = "dwarf-with-dsym";
				ENABLE_NS_ASSERTIONS = NO;
				ENABLE_STRICT_OBJC_MSGSEND = YES;
				GCC_C_LANGUAGE_STANDARD = gnu11;
				GCC_NO_COMMON_BLOCKS = YES;
				GCC_WARN_64_TO_32_BIT_CONVERSION = YES;
				GCC_WARN_ABOUT_RETURN_TYPE = YES_ERROR;
				GCC_WARN_UNDECLARED_SELECTOR = YES;
				GCC_WARN_UNINITIALIZED_AUTOS = YES_AGGRESSIVE;
				GCC_WARN_UNUSED_FUNCTION = YES;
				GCC_WARN_UNUSED_VARIABLE = YES;
				IPHONEOS_DEPLOYMENT_TARGET = 14.4;
				MTL_ENABLE_DEBUG_INFO = NO;
				MTL_FAST_MATH = YES;
				SDKROOT = iphoneos;
				SWIFT_COMPILATION_MODE = wholemodule;
				SWIFT_OPTIMIZATION_LEVEL = "-O";
				VALIDATE_PRODUCT = YES;
			};
			name = Release;
		};
		1BD23535264E81B60036EE63 /* Debug */ = {
			isa = XCBuildConfiguration;
			buildSettings = {
				ASSETCATALOG_COMPILER_APPICON_NAME = AppIcon;
				ASSETCATALOG_COMPILER_GLOBAL_ACCENT_COLOR_NAME = AccentColor;
				CODE_SIGN_STYLE = Automatic;
				INFOPLIST_FILE = WeatherBroadcaster/Info.plist;
				LD_RUNPATH_SEARCH_PATHS = (
					"$(inherited)",
					"@executable_path/Frameworks",
				);
				PRODUCT_BUNDLE_IDENTIFIER = com.example.WeatherBroadcaster;
				PRODUCT_NAME = "$(TARGET_NAME)";
				SWIFT_VERSION = 5.0;
				TARGETED_DEVICE_FAMILY = "1,2";
			};
			name = Debug;
		};
		1BD23536264E81B60036EE63 /* Release */ = {
			isa = XCBuildConfiguration;
			buildSettings = {
				ASSETCATALOG_COMPILER_APPICON_NAME = AppIcon;
				ASSETCATALOG_COMPILER_GLOBAL_ACCENT_COLOR_NAME = AccentColor;
				CODE_SIGN_STYLE = Automatic;
				INFOPLIST_FILE = WeatherBroadcaster/Info.plist;
				LD_RUNPATH_SEARCH_PATHS = (
					"$(inherited)",
					"@executable_path/Frameworks",
				);
				PRODUCT_BUNDLE_IDENTIFIER = com.example.WeatherBroadcaster;
				PRODUCT_NAME = "$(TARGET_NAME)";
				SWIFT_VERSION = 5.0;
				TARGETED_DEVICE_FAMILY = "1,2";
			};
			name = Release;
		};
/* End XCBuildConfiguration section */

/* Begin XCConfigurationList section */
		1BD2351B264E81B50036EE63 /* Build configuration list for PBXProject "WeatherBroadcaster" */ = {
			isa = XCConfigurationList;
			buildConfigurations = (
				1BD23532264E81B60036EE63 /* Debug */,
				1BD23533264E81B60036EE63 /* Release */,
			);
			defaultConfigurationIsVisible = 0;
			defaultConfigurationName = Release;
		};
		1BD23534264E81B60036EE63 /* Build configuration list for PBXNativeTarget "WeatherBroadcaster" */ = {
			isa = XCConfigurationList;
			buildConfigurations = (
				1BD23535264E81B60036EE63 /* Debug */,
				1BD23536264E81B60036EE63 /* Release */,
			);
			defaultConfigurationIsVisible = 0;
			defaultConfigurationName = Release;
		};
/* End XCConfigurationList section */
	};
	rootObject = 1BD23518264E81B50036EE63 /* Project object */;
}
